// !$*UTF8*$!
{
	archiveVersion = 1;
	classes = {
	};
	objectVersion = 46;
	objects = {

/* Begin PBXBuildFile section */
		07D746391D63F76A00966A7B /* main.m in Sources */ = {isa = PBXBuildFile; fileRef = 07D746381D63F76A00966A7B /* main.m */; };
		07D7463C1D63F76A00966A7B /* AppDelegate.m in Sources */ = {isa = PBXBuildFile; fileRef = 07D7463B1D63F76A00966A7B /* AppDelegate.m */; };
		07D746441D63F76A00966A7B /* Assets.xcassets in Resources */ = {isa = PBXBuildFile; fileRef = 07D746431D63F76A00966A7B /* Assets.xcassets */; };
		07D746471D63F76A00966A7B /* LaunchScreen.storyboard in Resources */ = {isa = PBXBuildFile; fileRef = 07D746451D63F76A00966A7B /* LaunchScreen.storyboard */; };
		07D746521D63F76B00966A7B /* SXTDSXBTests.m in Sources */ = {isa = PBXBuildFile; fileRef = 07D746511D63F76B00966A7B /* SXTDSXBTests.m */; };
		07D7465D1D63F76B00966A7B /* SXTDSXBUITests.m in Sources */ = {isa = PBXBuildFile; fileRef = 07D7465C1D63F76B00966A7B /* SXTDSXBUITests.m */; };
		07D7466C1D6439ED00966A7B /* ZJCTimeViewController.m in Sources */ = {isa = PBXBuildFile; fileRef = 07D7466B1D6439ED00966A7B /* ZJCTimeViewController.m */; };
		07D7466F1D643A3000966A7B /* ZJCSecondViewController.m in Sources */ = {isa = PBXBuildFile; fileRef = 07D7466E1D643A3000966A7B /* ZJCSecondViewController.m */; };
		07D746721D643A3B00966A7B /* ZJCThirdViewController.m in Sources */ = {isa = PBXBuildFile; fileRef = 07D746711D643A3B00966A7B /* ZJCThirdViewController.m */; };
		07D746751D643A4600966A7B /* ZJCFourthViewController.m in Sources */ = {isa = PBXBuildFile; fileRef = 07D746741D643A4600966A7B /* ZJCFourthViewController.m */; };
		07D746781D643F5000966A7B /* ZJCTabBarViewController.m in Sources */ = {isa = PBXBuildFile; fileRef = 07D746771D643F5000966A7B /* ZJCTabBarViewController.m */; };
		07E5EE6E1D64544400E2E9F1 /* ZJCNavViewController.m in Sources */ = {isa = PBXBuildFile; fileRef = 07E5EE6D1D64544400E2E9F1 /* ZJCNavViewController.m */; };
/* End PBXBuildFile section */

/* Begin PBXContainerItemProxy section */
		07D7464E1D63F76B00966A7B /* PBXContainerItemProxy */ = {
			isa = PBXContainerItemProxy;
			containerPortal = 07D7462C1D63F76A00966A7B /* Project object */;
			proxyType = 1;
			remoteGlobalIDString = 07D746331D63F76A00966A7B;
			remoteInfo = SXTDSXB;
		};
		07D746591D63F76B00966A7B /* PBXContainerItemProxy */ = {
			isa = PBXContainerItemProxy;
			containerPortal = 07D7462C1D63F76A00966A7B /* Project object */;
			proxyType = 1;
			remoteGlobalIDString = 07D746331D63F76A00966A7B;
			remoteInfo = SXTDSXB;
		};
/* End PBXContainerItemProxy section */

/* Begin PBXFileReference section */
		07D746341D63F76A00966A7B /* SXTDSXB.app */ = {isa = PBXFileReference; explicitFileType = wrapper.application; includeInIndex = 0; path = SXTDSXB.app; sourceTree = BUILT_PRODUCTS_DIR; };
		07D746381D63F76A00966A7B /* main.m */ = {isa = PBXFileReference; lastKnownFileType = sourcecode.c.objc; path = main.m; sourceTree = "<group>"; };
		07D7463A1D63F76A00966A7B /* AppDelegate.h */ = {isa = PBXFileReference; lastKnownFileType = sourcecode.c.h; path = AppDelegate.h; sourceTree = "<group>"; };
		07D7463B1D63F76A00966A7B /* AppDelegate.m */ = {isa = PBXFileReference; lastKnownFileType = sourcecode.c.objc; path = AppDelegate.m; sourceTree = "<group>"; };
		07D746431D63F76A00966A7B /* Assets.xcassets */ = {isa = PBXFileReference; lastKnownFileType = folder.assetcatalog; path = Assets.xcassets; sourceTree = "<group>"; };
		07D746461D63F76A00966A7B /* Base */ = {isa = PBXFileReference; lastKnownFileType = file.storyboard; name = Base; path = Base.lproj/LaunchScreen.storyboard; sourceTree = "<group>"; };
		07D746481D63F76A00966A7B /* Info.plist */ = {isa = PBXFileReference; lastKnownFileType = text.plist.xml; path = Info.plist; sourceTree = "<group>"; };
		07D7464D1D63F76B00966A7B /* SXTDSXBTests.xctest */ = {isa = PBXFileReference; explicitFileType = wrapper.cfbundle; includeInIndex = 0; path = SXTDSXBTests.xctest; sourceTree = BUILT_PRODUCTS_DIR; };
		07D746511D63F76B00966A7B /* SXTDSXBTests.m */ = {isa = PBXFileReference; lastKnownFileType = sourcecode.c.objc; path = SXTDSXBTests.m; sourceTree = "<group>"; };
		07D746531D63F76B00966A7B /* Info.plist */ = {isa = PBXFileReference; lastKnownFileType = text.plist.xml; path = Info.plist; sourceTree = "<group>"; };
		07D746581D63F76B00966A7B /* SXTDSXBUITests.xctest */ = {isa = PBXFileReference; explicitFileType = wrapper.cfbundle; includeInIndex = 0; path = SXTDSXBUITests.xctest; sourceTree = BUILT_PRODUCTS_DIR; };
		07D7465C1D63F76B00966A7B /* SXTDSXBUITests.m */ = {isa = PBXFileReference; lastKnownFileType = sourcecode.c.objc; path = SXTDSXBUITests.m; sourceTree = "<group>"; };
		07D7465E1D63F76B00966A7B /* Info.plist */ = {isa = PBXFileReference; lastKnownFileType = text.plist.xml; path = Info.plist; sourceTree = "<group>"; };
		07D7466A1D6439ED00966A7B /* ZJCTimeViewController.h */ = {isa = PBXFileReference; fileEncoding = 4; lastKnownFileType = sourcecode.c.h; path = ZJCTimeViewController.h; sourceTree = "<group>"; };
		07D7466B1D6439ED00966A7B /* ZJCTimeViewController.m */ = {isa = PBXFileReference; fileEncoding = 4; lastKnownFileType = sourcecode.c.objc; path = ZJCTimeViewController.m; sourceTree = "<group>"; };
		07D7466D1D643A3000966A7B /* ZJCSecondViewController.h */ = {isa = PBXFileReference; fileEncoding = 4; lastKnownFileType = sourcecode.c.h; path = ZJCSecondViewController.h; sourceTree = "<group>"; };
		07D7466E1D643A3000966A7B /* ZJCSecondViewController.m */ = {isa = PBXFileReference; fileEncoding = 4; lastKnownFileType = sourcecode.c.objc; path = ZJCSecondViewController.m; sourceTree = "<group>"; };
		07D746701D643A3B00966A7B /* ZJCThirdViewController.h */ = {isa = PBXFileReference; fileEncoding = 4; lastKnownFileType = sourcecode.c.h; path = ZJCThirdViewController.h; sourceTree = "<group>"; };
		07D746711D643A3B00966A7B /* ZJCThirdViewController.m */ = {isa = PBXFileReference; fileEncoding = 4; lastKnownFileType = sourcecode.c.objc; path = ZJCThirdViewController.m; sourceTree = "<group>"; };
		07D746731D643A4600966A7B /* ZJCFourthViewController.h */ = {isa = PBXFileReference; fileEncoding = 4; lastKnownFileType = sourcecode.c.h; path = ZJCFourthViewController.h; sourceTree = "<group>"; };
		07D746741D643A4600966A7B /* ZJCFourthViewController.m */ = {isa = PBXFileReference; fileEncoding = 4; lastKnownFileType = sourcecode.c.objc; path = ZJCFourthViewController.m; sourceTree = "<group>"; };
		07D746761D643F5000966A7B /* ZJCTabBarViewController.h */ = {isa = PBXFileReference; fileEncoding = 4; lastKnownFileType = sourcecode.c.h; path = ZJCTabBarViewController.h; sourceTree = "<group>"; };
		07D746771D643F5000966A7B /* ZJCTabBarViewController.m */ = {isa = PBXFileReference; fileEncoding = 4; lastKnownFileType = sourcecode.c.objc; path = ZJCTabBarViewController.m; sourceTree = "<group>"; };
		07E5EE6C1D64544400E2E9F1 /* ZJCNavViewController.h */ = {isa = PBXFileReference; fileEncoding = 4; lastKnownFileType = sourcecode.c.h; path = ZJCNavViewController.h; sourceTree = "<group>"; };
		07E5EE6D1D64544400E2E9F1 /* ZJCNavViewController.m */ = {isa = PBXFileReference; fileEncoding = 4; lastKnownFileType = sourcecode.c.objc; path = ZJCNavViewController.m; sourceTree = "<group>"; };
/* End PBXFileReference section */

/* Begin PBXFrameworksBuildPhase section */
		07D746311D63F76A00966A7B /* Frameworks */ = {
			isa = PBXFrameworksBuildPhase;
			buildActionMask = 2147483647;
			files = (
			);
			runOnlyForDeploymentPostprocessing = 0;
		};
		07D7464A1D63F76B00966A7B /* Frameworks */ = {
			isa = PBXFrameworksBuildPhase;
			buildActionMask = 2147483647;
			files = (
			);
			runOnlyForDeploymentPostprocessing = 0;
		};
		07D746551D63F76B00966A7B /* Frameworks */ = {
			isa = PBXFrameworksBuildPhase;
			buildActionMask = 2147483647;
			files = (
			);
			runOnlyForDeploymentPostprocessing = 0;
		};
/* End PBXFrameworksBuildPhase section */

/* Begin PBXGroup section */
		07D7462B1D63F76A00966A7B = {
			isa = PBXGroup;
			children = (
				07D746361D63F76A00966A7B /* SXTDSXB */,
				07D746501D63F76B00966A7B /* SXTDSXBTests */,
				07D7465B1D63F76B00966A7B /* SXTDSXBUITests */,
				07D746351D63F76A00966A7B /* Products */,
			);
			sourceTree = "<group>";
		};
		07D746351D63F76A00966A7B /* Products */ = {
			isa = PBXGroup;
			children = (
				07D746341D63F76A00966A7B /* SXTDSXB.app */,
				07D7464D1D63F76B00966A7B /* SXTDSXBTests.xctest */,
				07D746581D63F76B00966A7B /* SXTDSXBUITests.xctest */,
			);
			name = Products;
			sourceTree = "<group>";
		};
		07D746361D63F76A00966A7B /* SXTDSXB */ = {
			isa = PBXGroup;
			children = (
				07D7463A1D63F76A00966A7B /* AppDelegate.h */,
				07D7463B1D63F76A00966A7B /* AppDelegate.m */,
				07D746761D643F5000966A7B /* ZJCTabBarViewController.h */,
				07D746771D643F5000966A7B /* ZJCTabBarViewController.m */,
				07E5EE6C1D64544400E2E9F1 /* ZJCNavViewController.h */,
				07E5EE6D1D64544400E2E9F1 /* ZJCNavViewController.m */,
				07D7466A1D6439ED00966A7B /* ZJCTimeViewController.h */,
				07D7466B1D6439ED00966A7B /* ZJCTimeViewController.m */,
				07D7466D1D643A3000966A7B /* ZJCSecondViewController.h */,
				07D7466E1D643A3000966A7B /* ZJCSecondViewController.m */,
				07D746701D643A3B00966A7B /* ZJCThirdViewController.h */,
				07D746711D643A3B00966A7B /* ZJCThirdViewController.m */,
				07D746731D643A4600966A7B /* ZJCFourthViewController.h */,
				07D746741D643A4600966A7B /* ZJCFourthViewController.m */,
				07D746431D63F76A00966A7B /* Assets.xcassets */,
				07D746451D63F76A00966A7B /* LaunchScreen.storyboard */,
				07D746481D63F76A00966A7B /* Info.plist */,
				07D746371D63F76A00966A7B /* Supporting Files */,
			);
			path = SXTDSXB;
			sourceTree = "<group>";
		};
		07D746371D63F76A00966A7B /* Supporting Files */ = {
			isa = PBXGroup;
			children = (
				07D746381D63F76A00966A7B /* main.m */,
			);
			name = "Supporting Files";
			sourceTree = "<group>";
		};
		07D746501D63F76B00966A7B /* SXTDSXBTests */ = {
			isa = PBXGroup;
			children = (
				07D746511D63F76B00966A7B /* SXTDSXBTests.m */,
				07D746531D63F76B00966A7B /* Info.plist */,
			);
			path = SXTDSXBTests;
			sourceTree = "<group>";
		};
		07D7465B1D63F76B00966A7B /* SXTDSXBUITests */ = {
			isa = PBXGroup;
			children = (
				07D7465C1D63F76B00966A7B /* SXTDSXBUITests.m */,
				07D7465E1D63F76B00966A7B /* Info.plist */,
			);
			path = SXTDSXBUITests;
			sourceTree = "<group>";
		};
/* End PBXGroup section */

/* Begin PBXNativeTarget section */
		07D746331D63F76A00966A7B /* SXTDSXB */ = {
			isa = PBXNativeTarget;
			buildConfigurationList = 07D746611D63F76B00966A7B /* Build configuration list for PBXNativeTarget "SXTDSXB" */;
			buildPhases = (
				07D746301D63F76A00966A7B /* Sources */,
				07D746311D63F76A00966A7B /* Frameworks */,
				07D746321D63F76A00966A7B /* Resources */,
			);
			buildRules = (
			);
			dependencies = (
			);
			name = SXTDSXB;
			productName = SXTDSXB;
			productReference = 07D746341D63F76A00966A7B /* SXTDSXB.app */;
			productType = "com.apple.product-type.application";
		};
		07D7464C1D63F76B00966A7B /* SXTDSXBTests */ = {
			isa = PBXNativeTarget;
			buildConfigurationList = 07D746641D63F76B00966A7B /* Build configuration list for PBXNativeTarget "SXTDSXBTests" */;
			buildPhases = (
				07D746491D63F76B00966A7B /* Sources */,
				07D7464A1D63F76B00966A7B /* Frameworks */,
				07D7464B1D63F76B00966A7B /* Resources */,
			);
			buildRules = (
			);
			dependencies = (
				07D7464F1D63F76B00966A7B /* PBXTargetDependency */,
			);
			name = SXTDSXBTests;
			productName = SXTDSXBTests;
			productReference = 07D7464D1D63F76B00966A7B /* SXTDSXBTests.xctest */;
			productType = "com.apple.product-type.bundle.unit-test";
		};
		07D746571D63F76B00966A7B /* SXTDSXBUITests */ = {
			isa = PBXNativeTarget;
			buildConfigurationList = 07D746671D63F76B00966A7B /* Build configuration list for PBXNativeTarget "SXTDSXBUITests" */;
			buildPhases = (
				07D746541D63F76B00966A7B /* Sources */,
				07D746551D63F76B00966A7B /* Frameworks */,
				07D746561D63F76B00966A7B /* Resources */,
			);
			buildRules = (
			);
			dependencies = (
				07D7465A1D63F76B00966A7B /* PBXTargetDependency */,
			);
			name = SXTDSXBUITests;
			productName = SXTDSXBUITests;
			productReference = 07D746581D63F76B00966A7B /* SXTDSXBUITests.xctest */;
			productType = "com.apple.product-type.bundle.ui-testing";
		};
/* End PBXNativeTarget section */

/* Begin PBXProject section */
		07D7462C1D63F76A00966A7B /* Project object */ = {
			isa = PBXProject;
			attributes = {
				CLASSPREFIX = ZJC;
				LastUpgradeCheck = 0730;
				ORGANIZATIONNAME = "赵继超";
				TargetAttributes = {
					07D746331D63F76A00966A7B = {
						CreatedOnToolsVersion = 7.3.1;
					};
					07D7464C1D63F76B00966A7B = {
						CreatedOnToolsVersion = 7.3.1;
						TestTargetID = 07D746331D63F76A00966A7B;
					};
					07D746571D63F76B00966A7B = {
						CreatedOnToolsVersion = 7.3.1;
						TestTargetID = 07D746331D63F76A00966A7B;
					};
				};
			};
			buildConfigurationList = 07D7462F1D63F76A00966A7B /* Build configuration list for PBXProject "SXTDSXB" */;
			compatibilityVersion = "Xcode 3.2";
			developmentRegion = English;
			hasScannedForEncodings = 0;
			knownRegions = (
				en,
				Base,
			);
			mainGroup = 07D7462B1D63F76A00966A7B;
			productRefGroup = 07D746351D63F76A00966A7B /* Products */;
			projectDirPath = "";
			projectRoot = "";
			targets = (
				07D746331D63F76A00966A7B /* SXTDSXB */,
				07D7464C1D63F76B00966A7B /* SXTDSXBTests */,
				07D746571D63F76B00966A7B /* SXTDSXBUITests */,
			);
		};
/* End PBXProject section */

/* Begin PBXResourcesBuildPhase section */
		07D746321D63F76A00966A7B /* Resources */ = {
			isa = PBXResourcesBuildPhase;
			buildActionMask = 2147483647;
			files = (
				07D746471D63F76A00966A7B /* LaunchScreen.storyboard in Resources */,
				07D746441D63F76A00966A7B /* Assets.xcassets in Resources */,
			);
			runOnlyForDeploymentPostprocessing = 0;
		};
		07D7464B1D63F76B00966A7B /* Resources */ = {
			isa = PBXResourcesBuildPhase;
			buildActionMask = 2147483647;
			files = (
			);
			runOnlyForDeploymentPostprocessing = 0;
		};
		07D746561D63F76B00966A7B /* Resources */ = {
			isa = PBXResourcesBuildPhase;
			buildActionMask = 2147483647;
			files = (
			);
			runOnlyForDeploymentPostprocessing = 0;
		};
/* End PBXResourcesBuildPhase section */

/* Begin PBXSourcesBuildPhase section */
		07D746301D63F76A00966A7B /* Sources */ = {
			isa = PBXSourcesBuildPhase;
			buildActionMask = 2147483647;
			files = (
				07D746721D643A3B00966A7B /* ZJCThirdViewController.m in Sources */,
				07D746751D643A4600966A7B /* ZJCFourthViewController.m in Sources */,
				07D746781D643F5000966A7B /* ZJCTabBarViewController.m in Sources */,
				07D7463C1D63F76A00966A7B /* AppDelegate.m in Sources */,
				07E5EE6E1D64544400E2E9F1 /* ZJCNavViewController.m in Sources */,
				07D7466F1D643A3000966A7B /* ZJCSecondViewController.m in Sources */,
				07D746391D63F76A00966A7B /* main.m in Sources */,
				07D7466C1D6439ED00966A7B /* ZJCTimeViewController.m in Sources */,
			);
			runOnlyForDeploymentPostprocessing = 0;
		};
		07D746491D63F76B00966A7B /* Sources */ = {
			isa = PBXSourcesBuildPhase;
			buildActionMask = 2147483647;
			files = (
				07D746521D63F76B00966A7B /* SXTDSXBTests.m in Sources */,
			);
			runOnlyForDeploymentPostprocessing = 0;
		};
		07D746541D63F76B00966A7B /* Sources */ = {
			isa = PBXSourcesBuildPhase;
			buildActionMask = 2147483647;
			files = (
				07D7465D1D63F76B00966A7B /* SXTDSXBUITests.m in Sources */,
			);
			runOnlyForDeploymentPostprocessing = 0;
		};
/* End PBXSourcesBuildPhase section */

/* Begin PBXTargetDependency section */
		07D7464F1D63F76B00966A7B /* PBXTargetDependency */ = {
			isa = PBXTargetDependency;
			target = 07D746331D63F76A00966A7B /* SXTDSXB */;
			targetProxy = 07D7464E1D63F76B00966A7B /* PBXContainerItemProxy */;
		};
		07D7465A1D63F76B00966A7B /* PBXTargetDependency */ = {
			isa = PBXTargetDependency;
			target = 07D746331D63F76A00966A7B /* SXTDSXB */;
			targetProxy = 07D746591D63F76B00966A7B /* PBXContainerItemProxy */;
		};
/* End PBXTargetDependency section */

/* Begin PBXVariantGroup section */
		07D746451D63F76A00966A7B /* LaunchScreen.storyboard */ = {
			isa = PBXVariantGroup;
			children = (
				07D746461D63F76A00966A7B /* Base */,
			);
			name = LaunchScreen.storyboard;
			sourceTree = "<group>";
		};
/* End PBXVariantGroup section */

/* Begin XCBuildConfiguration section */
		07D7465F1D63F76B00966A7B /* Debug */ = {
			isa = XCBuildConfiguration;
			buildSettings = {
				ALWAYS_SEARCH_USER_PATHS = NO;
				CLANG_ANALYZER_NONNULL = YES;
				CLANG_CXX_LANGUAGE_STANDARD = "gnu++0x";
				CLANG_CXX_LIBRARY = "libc++";
				CLANG_ENABLE_MODULES = YES;
				CLANG_ENABLE_OBJC_ARC = YES;
				CLANG_WARN_BOOL_CONVERSION = YES;
				CLANG_WARN_CONSTANT_CONVERSION = YES;
				CLANG_WARN_DIRECT_OBJC_ISA_USAGE = YES_ERROR;
				CLANG_WARN_EMPTY_BODY = YES;
				CLANG_WARN_ENUM_CONVERSION = YES;
				CLANG_WARN_INT_CONVERSION = YES;
				CLANG_WARN_OBJC_ROOT_CLASS = YES_ERROR;
				CLANG_WARN_UNREACHABLE_CODE = YES;
				CLANG_WARN__DUPLICATE_METHOD_MATCH = YES;
				"CODE_SIGN_IDENTITY[sdk=iphoneos*]" = "iPhone Developer";
				COPY_PHASE_STRIP = NO;
				DEBUG_INFORMATION_FORMAT = dwarf;
				ENABLE_STRICT_OBJC_MSGSEND = YES;
				ENABLE_TESTABILITY = YES;
				GCC_C_LANGUAGE_STANDARD = gnu99;
				GCC_DYNAMIC_NO_PIC = NO;
				GCC_NO_COMMON_BLOCKS = YES;
				GCC_OPTIMIZATION_LEVEL = 0;
				GCC_PREPROCESSOR_DEFINITIONS = (
					"DEBUG=1",
					"$(inherited)",
				);
				GCC_WARN_64_TO_32_BIT_CONVERSION = YES;
				GCC_WARN_ABOUT_RETURN_TYPE = YES_ERROR;
				GCC_WARN_UNDECLARED_SELECTOR = YES;
				GCC_WARN_UNINITIALIZED_AUTOS = YES_AGGRESSIVE;
				GCC_WARN_UNUSED_FUNCTION = YES;
				GCC_WARN_UNUSED_VARIABLE = YES;
				IPHONEOS_DEPLOYMENT_TARGET = 9.3;
				MTL_ENABLE_DEBUG_INFO = YES;
				ONLY_ACTIVE_ARCH = YES;
				SDKROOT = iphoneos;
			};
			name = Debug;
		};
		07D746601D63F76B00966A7B /* Release */ = {
			isa = XCBuildConfiguration;
			buildSettings = {
				ALWAYS_SEARCH_USER_PATHS = NO;
				CLANG_ANALYZER_NONNULL = YES;
				CLANG_CXX_LANGUAGE_STANDARD = "gnu++0x";
				CLANG_CXX_LIBRARY = "libc++";
				CLANG_ENABLE_MODULES = YES;
				CLANG_ENABLE_OBJC_ARC = YES;
				CLANG_WARN_BOOL_CONVERSION = YES;
				CLANG_WARN_CONSTANT_CONVERSION = YES;
				CLANG_WARN_DIRECT_OBJC_ISA_USAGE = YES_ERROR;
				CLANG_WARN_EMPTY_BODY = YES;
				CLANG_WARN_ENUM_CONVERSION = YES;
				CLANG_WARN_INT_CONVERSION = YES;
				CLANG_WARN_OBJC_ROOT_CLASS = YES_ERROR;
				CLANG_WARN_UNREACHABLE_CODE = YES;
				CLANG_WARN__DUPLICATE_METHOD_MATCH = YES;
				"CODE_SIGN_IDENTITY[sdk=iphoneos*]" = "iPhone Developer";
				COPY_PHASE_STRIP = NO;
				DEBUG_INFORMATION_FORMAT = "dwarf-with-dsym";
				ENABLE_NS_ASSERTIONS = NO;
				ENABLE_STRICT_OBJC_MSGSEND = YES;
				GCC_C_LANGUAGE_STANDARD = gnu99;
				GCC_NO_COMMON_BLOCKS = YES;
				GCC_WARN_64_TO_32_BIT_CONVERSION = YES;
				GCC_WARN_ABOUT_RETURN_TYPE = YES_ERROR;
				GCC_WARN_UNDECLARED_SELECTOR = YES;
				GCC_WARN_UNINITIALIZED_AUTOS = YES_AGGRESSIVE;
				GCC_WARN_UNUSED_FUNCTION = YES;
				GCC_WARN_UNUSED_VARIABLE = YES;
				IPHONEOS_DEPLOYMENT_TARGET = 9.3;
				MTL_ENABLE_DEBUG_INFO = NO;
				SDKROOT = iphoneos;
				VALIDATE_PRODUCT = YES;
			};
			name = Release;
		};
		07D746621D63F76B00966A7B /* Debug */ = {
			isa = XCBuildConfiguration;
			buildSettings = {
				ASSETCATALOG_COMPILER_APPICON_NAME = AppIcon;
				ASSETCATALOG_COMPILER_LAUNCHIMAGE_NAME = "Brand Assets";
				INFOPLIST_FILE = SXTDSXB/Info.plist;
				LD_RUNPATH_SEARCH_PATHS = "$(inherited) @executable_path/Frameworks";
				PRODUCT_BUNDLE_IDENTIFIER = "-.SXTDSXB";
				PRODUCT_NAME = "$(TARGET_NAME)";
			};
			name = Debug;
		};
		07D746631D63F76B00966A7B /* Release */ = {
			isa = XCBuildConfiguration;
			buildSettings = {
				ASSETCATALOG_COMPILER_APPICON_NAME = AppIcon;
				ASSETCATALOG_COMPILER_LAUNCHIMAGE_NAME = "Brand Assets";
				INFOPLIST_FILE = SXTDSXB/Info.plist;
				LD_RUNPATH_SEARCH_PATHS = "$(inherited) @executable_path/Frameworks";
				PRODUCT_BUNDLE_IDENTIFIER = "-.SXTDSXB";
				PRODUCT_NAME = "$(TARGET_NAME)";
			};
			name = Release;
		};
		07D746651D63F76B00966A7B /* Debug */ = {
			isa = XCBuildConfiguration;
			buildSettings = {
				BUNDLE_LOADER = "$(TEST_HOST)";
				INFOPLIST_FILE = SXTDSXBTests/Info.plist;
				LD_RUNPATH_SEARCH_PATHS = "$(inherited) @executable_path/Frameworks @loader_path/Frameworks";
				PRODUCT_BUNDLE_IDENTIFIER = "-.SXTDSXBTests";
				PRODUCT_NAME = "$(TARGET_NAME)";
				TEST_HOST = "$(BUILT_PRODUCTS_DIR)/SXTDSXB.app/SXTDSXB";
			};
			name = Debug;
		};
		07D746661D63F76B00966A7B /* Release */ = {
			isa = XCBuildConfiguration;
			buildSettings = {
				BUNDLE_LOADER = "$(TEST_HOST)";
				INFOPLIST_FILE = SXTDSXBTests/Info.plist;
				LD_RUNPATH_SEARCH_PATHS = "$(inherited) @executable_path/Frameworks @loader_path/Frameworks";
				PRODUCT_BUNDLE_IDENTIFIER = "-.SXTDSXBTests";
				PRODUCT_NAME = "$(TARGET_NAME)";
				TEST_HOST = "$(BUILT_PRODUCTS_DIR)/SXTDSXB.app/SXTDSXB";
			};
			name = Release;
		};
		07D746681D63F76B00966A7B /* Debug */ = {
			isa = XCBuildConfiguration;
			buildSettings = {
				INFOPLIST_FILE = SXTDSXBUITests/Info.plist;
				LD_RUNPATH_SEARCH_PATHS = "$(inherited) @executable_path/Frameworks @loader_path/Frameworks";
				PRODUCT_BUNDLE_IDENTIFIER = "-.SXTDSXBUITests";
				PRODUCT_NAME = "$(TARGET_NAME)";
				TEST_TARGET_NAME = SXTDSXB;
			};
			name = Debug;
		};
		07D746691D63F76B00966A7B /* Release */ = {
			isa = XCBuildConfiguration;
			buildSettings = {
				INFOPLIST_FILE = SXTDSXBUITests/Info.plist;
				LD_RUNPATH_SEARCH_PATHS = "$(inherited) @executable_path/Frameworks @loader_path/Frameworks";
				PRODUCT_BUNDLE_IDENTIFIER = "-.SXTDSXBUITests";
				PRODUCT_NAME = "$(TARGET_NAME)";
				TEST_TARGET_NAME = SXTDSXB;
			};
			name = Release;
		};
/* End XCBuildConfiguration section */

/* Begin XCConfigurationList section */
		07D7462F1D63F76A00966A7B /* Build configuration list for PBXProject "SXTDSXB" */ = {
			isa = XCConfigurationList;
			buildConfigurations = (
				07D7465F1D63F76B00966A7B /* Debug */,
				07D746601D63F76B00966A7B /* Release */,
			);
			defaultConfigurationIsVisible = 0;
			defaultConfigurationName = Release;
		};
		07D746611D63F76B00966A7B /* Build configuration list for PBXNativeTarget "SXTDSXB" */ = {
			isa = XCConfigurationList;
			buildConfigurations = (
				07D746621D63F76B00966A7B /* Debug */,
				07D746631D63F76B00966A7B /* Release */,
			);
			defaultConfigurationIsVisible = 0;
			defaultConfigurationName = Release;
		};
		07D746641D63F76B00966A7B /* Build configuration list for PBXNativeTarget "SXTDSXBTests" */ = {
			isa = XCConfigurationList;
			buildConfigurations = (
				07D746651D63F76B00966A7B /* Debug */,
				07D746661D63F76B00966A7B /* Release */,
			);
			defaultConfigurationIsVisible = 0;
			defaultConfigurationName = Release;
		};
		07D746671D63F76B00966A7B /* Build configuration list for PBXNativeTarget "SXTDSXBUITests" */ = {
			isa = XCConfigurationList;
			buildConfigurations = (
				07D746681D63F76B00966A7B /* Debug */,
				07D746691D63F76B00966A7B /* Release */,
			);
			defaultConfigurationIsVisible = 0;
			defaultConfigurationName = Release;
		};
/* End XCConfigurationList section */
	};
	rootObject = 07D7462C1D63F76A00966A7B /* Project object */;
}
