// !$*UTF8*$!
{
	archiveVersion = 1;
	classes = {
	};
	objectVersion = 46;
	objects = {

/* Begin PBXBuildFile section */
		0779D9231D6543E4008E78AD /* ZJCLandView.m in Sources */ = {isa = PBXBuildFile; fileRef = 0779D9221D6543E4008E78AD /* ZJCLandView.m */; };
		07D746391D63F76A00966A7B /* main.m in Sources */ = {isa = PBXBuildFile; fileRef = 07D746381D63F76A00966A7B /* main.m */; };
		07D7463C1D63F76A00966A7B /* AppDelegate.m in Sources */ = {isa = PBXBuildFile; fileRef = 07D7463B1D63F76A00966A7B /* AppDelegate.m */; };
		07D746441D63F76A00966A7B /* Assets.xcassets in Resources */ = {isa = PBXBuildFile; fileRef = 07D746431D63F76A00966A7B /* Assets.xcassets */; };
		07D746471D63F76A00966A7B /* LaunchScreen.storyboard in Resources */ = {isa = PBXBuildFile; fileRef = 07D746451D63F76A00966A7B /* LaunchScreen.storyboard */; };
		07D746521D63F76B00966A7B /* SXTDSXBTests.m in Sources */ = {isa = PBXBuildFile; fileRef = 07D746511D63F76B00966A7B /* SXTDSXBTests.m */; };
		07D7465D1D63F76B00966A7B /* SXTDSXBUITests.m in Sources */ = {isa = PBXBuildFile; fileRef = 07D7465C1D63F76B00966A7B /* SXTDSXBUITests.m */; };
		07D7466C1D6439ED00966A7B /* ZJCTimeViewController.m in Sources */ = {isa = PBXBuildFile; fileRef = 07D7466B1D6439ED00966A7B /* ZJCTimeViewController.m */; };
		07D7466F1D643A3000966A7B /* ZJCSecondViewController.m in Sources */ = {isa = PBXBuildFile; fileRef = 07D7466E1D643A3000966A7B /* ZJCSecondViewController.m */; };
		07D746721D643A3B00966A7B /* ZJCThirdViewController.m in Sources */ = {isa = PBXBuildFile; fileRef = 07D746711D643A3B00966A7B /* ZJCThirdViewController.m */; };
		07D746751D643A4600966A7B /* ZJCFourthViewController.m in Sources */ = {isa = PBXBuildFile; fileRef = 07D746741D643A4600966A7B /* ZJCFourthViewController.m */; };
		07D746781D643F5000966A7B /* ZJCTabBarViewController.m in Sources */ = {isa = PBXBuildFile; fileRef = 07D746771D643F5000966A7B /* ZJCTabBarViewController.m */; };
		07E5EE6E1D64544400E2E9F1 /* ZJCNavViewController.m in Sources */ = {isa = PBXBuildFile; fileRef = 07E5EE6D1D64544400E2E9F1 /* ZJCNavViewController.m */; };
		07E5EE761D64657A00E2E9F1 /* ZJCTableViewCell.m in Sources */ = {isa = PBXBuildFile; fileRef = 07E5EE751D64657A00E2E9F1 /* ZJCTableViewCell.m */; };
		07E5EE791D646C7300E2E9F1 /* ZJCHeaderView.m in Sources */ = {isa = PBXBuildFile; fileRef = 07E5EE781D646C7300E2E9F1 /* ZJCHeaderView.m */; };
		07E5EE7C1D64798900E2E9F1 /* ZJCtableView.m in Sources */ = {isa = PBXBuildFile; fileRef = 07E5EE7B1D64798900E2E9F1 /* ZJCtableView.m */; };
		58BA11D3F01959A566E17F51 /* libPods-SXTDSXBUITests.a in Frameworks */ = {isa = PBXBuildFile; fileRef = 675E48D26F3E81DA76EBAEA5 /* libPods-SXTDSXBUITests.a */; };
		97DA2FF76230C47E1B897C58 /* libPods-SXTDSXBTests.a in Frameworks */ = {isa = PBXBuildFile; fileRef = BA02DEF7F33452A8248B7F6B /* libPods-SXTDSXBTests.a */; };
		AFCCC79344D486F9FA6BD872 /* libPods-SXTDSXB.a in Frameworks */ = {isa = PBXBuildFile; fileRef = DB12314404AC9A2E5867C8BF /* libPods-SXTDSXB.a */; };
/* End PBXBuildFile section */

/* Begin PBXContainerItemProxy section */
		07D7464E1D63F76B00966A7B /* PBXContainerItemProxy */ = {
			isa = PBXContainerItemProxy;
			containerPortal = 07D7462C1D63F76A00966A7B /* Project object */;
			proxyType = 1;
			remoteGlobalIDString = 07D746331D63F76A00966A7B;
			remoteInfo = SXTDSXB;
		};
		07D746591D63F76B00966A7B /* PBXContainerItemProxy */ = {
			isa = PBXContainerItemProxy;
			containerPortal = 07D7462C1D63F76A00966A7B /* Project object */;
			proxyType = 1;
			remoteGlobalIDString = 07D746331D63F76A00966A7B;
			remoteInfo = SXTDSXB;
		};
/* End PBXContainerItemProxy section */

/* Begin PBXFileReference section */
		0779D9211D6543E4008E78AD /* ZJCLandView.h */ = {isa = PBXFileReference; fileEncoding = 4; lastKnownFileType = sourcecode.c.h; path = ZJCLandView.h; sourceTree = "<group>"; };
		0779D9221D6543E4008E78AD /* ZJCLandView.m */ = {isa = PBXFileReference; fileEncoding = 4; lastKnownFileType = sourcecode.c.objc; path = ZJCLandView.m; sourceTree = "<group>"; };
		07D746341D63F76A00966A7B /* SXTDSXB.app */ = {isa = PBXFileReference; explicitFileType = wrapper.application; includeInIndex = 0; path = SXTDSXB.app; sourceTree = BUILT_PRODUCTS_DIR; };
		07D746381D63F76A00966A7B /* main.m */ = {isa = PBXFileReference; lastKnownFileType = sourcecode.c.objc; path = main.m; sourceTree = "<group>"; };
		07D7463A1D63F76A00966A7B /* AppDelegate.h */ = {isa = PBXFileReference; lastKnownFileType = sourcecode.c.h; path = AppDelegate.h; sourceTree = "<group>"; };
		07D7463B1D63F76A00966A7B /* AppDelegate.m */ = {isa = PBXFileReference; lastKnownFileType = sourcecode.c.objc; path = AppDelegate.m; sourceTree = "<group>"; };
		07D746431D63F76A00966A7B /* Assets.xcassets */ = {isa = PBXFileReference; lastKnownFileType = folder.assetcatalog; path = Assets.xcassets; sourceTree = "<group>"; };
		07D746461D63F76A00966A7B /* Base */ = {isa = PBXFileReference; lastKnownFileType = file.storyboard; name = Base; path = Base.lproj/LaunchScreen.storyboard; sourceTree = "<group>"; };
		07D746481D63F76A00966A7B /* Info.plist */ = {isa = PBXFileReference; lastKnownFileType = text.plist.xml; path = Info.plist; sourceTree = "<group>"; };
		07D7464D1D63F76B00966A7B /* SXTDSXBTests.xctest */ = {isa = PBXFileReference; explicitFileType = wrapper.cfbundle; includeInIndex = 0; path = SXTDSXBTests.xctest; sourceTree = BUILT_PRODUCTS_DIR; };
		07D746511D63F76B00966A7B /* SXTDSXBTests.m */ = {isa = PBXFileReference; lastKnownFileType = sourcecode.c.objc; path = SXTDSXBTests.m; sourceTree = "<group>"; };
		07D746531D63F76B00966A7B /* Info.plist */ = {isa = PBXFileReference; lastKnownFileType = text.plist.xml; path = Info.plist; sourceTree = "<group>"; };
		07D746581D63F76B00966A7B /* SXTDSXBUITests.xctest */ = {isa = PBXFileReference; explicitFileType = wrapper.cfbundle; includeInIndex = 0; path = SXTDSXBUITests.xctest; sourceTree = BUILT_PRODUCTS_DIR; };
		07D7465C1D63F76B00966A7B /* SXTDSXBUITests.m */ = {isa = PBXFileReference; lastKnownFileType = sourcecode.c.objc; path = SXTDSXBUITests.m; sourceTree = "<group>"; };
		07D7465E1D63F76B00966A7B /* Info.plist */ = {isa = PBXFileReference; lastKnownFileType = text.plist.xml; path = Info.plist; sourceTree = "<group>"; };
		07D7466A1D6439ED00966A7B /* ZJCTimeViewController.h */ = {isa = PBXFileReference; fileEncoding = 4; lastKnownFileType = sourcecode.c.h; path = ZJCTimeViewController.h; sourceTree = "<group>"; };
		07D7466B1D6439ED00966A7B /* ZJCTimeViewController.m */ = {isa = PBXFileReference; fileEncoding = 4; lastKnownFileType = sourcecode.c.objc; path = ZJCTimeViewController.m; sourceTree = "<group>"; };
		07D7466D1D643A3000966A7B /* ZJCSecondViewController.h */ = {isa = PBXFileReference; fileEncoding = 4; lastKnownFileType = sourcecode.c.h; path = ZJCSecondViewController.h; sourceTree = "<group>"; };
		07D7466E1D643A3000966A7B /* ZJCSecondViewController.m */ = {isa = PBXFileReference; fileEncoding = 4; lastKnownFileType = sourcecode.c.objc; path = ZJCSecondViewController.m; sourceTree = "<group>"; };
		07D746701D643A3B00966A7B /* ZJCThirdViewController.h */ = {isa = PBXFileReference; fileEncoding = 4; lastKnownFileType = sourcecode.c.h; path = ZJCThirdViewController.h; sourceTree = "<group>"; };
		07D746711D643A3B00966A7B /* ZJCThirdViewController.m */ = {isa = PBXFileReference; fileEncoding = 4; lastKnownFileType = sourcecode.c.objc; path = ZJCThirdViewController.m; sourceTree = "<group>"; };
		07D746731D643A4600966A7B /* ZJCFourthViewController.h */ = {isa = PBXFileReference; fileEncoding = 4; lastKnownFileType = sourcecode.c.h; path = ZJCFourthViewController.h; sourceTree = "<group>"; };
		07D746741D643A4600966A7B /* ZJCFourthViewController.m */ = {isa = PBXFileReference; fileEncoding = 4; lastKnownFileType = sourcecode.c.objc; path = ZJCFourthViewController.m; sourceTree = "<group>"; };
		07D746761D643F5000966A7B /* ZJCTabBarViewController.h */ = {isa = PBXFileReference; fileEncoding = 4; lastKnownFileType = sourcecode.c.h; path = ZJCTabBarViewController.h; sourceTree = "<group>"; };
		07D746771D643F5000966A7B /* ZJCTabBarViewController.m */ = {isa = PBXFileReference; fileEncoding = 4; lastKnownFileType = sourcecode.c.objc; path = ZJCTabBarViewController.m; sourceTree = "<group>"; };
		07E5EE6C1D64544400E2E9F1 /* ZJCNavViewController.h */ = {isa = PBXFileReference; fileEncoding = 4; lastKnownFileType = sourcecode.c.h; path = ZJCNavViewController.h; sourceTree = "<group>"; };
		07E5EE6D1D64544400E2E9F1 /* ZJCNavViewController.m */ = {isa = PBXFileReference; fileEncoding = 4; lastKnownFileType = sourcecode.c.objc; path = ZJCNavViewController.m; sourceTree = "<group>"; };
		07E5EE741D64657A00E2E9F1 /* ZJCTableViewCell.h */ = {isa = PBXFileReference; fileEncoding = 4; lastKnownFileType = sourcecode.c.h; path = ZJCTableViewCell.h; sourceTree = "<group>"; };
		07E5EE751D64657A00E2E9F1 /* ZJCTableViewCell.m */ = {isa = PBXFileReference; fileEncoding = 4; lastKnownFileType = sourcecode.c.objc; path = ZJCTableViewCell.m; sourceTree = "<group>"; };
		07E5EE771D646C7300E2E9F1 /* ZJCHeaderView.h */ = {isa = PBXFileReference; fileEncoding = 4; lastKnownFileType = sourcecode.c.h; path = ZJCHeaderView.h; sourceTree = "<group>"; };
		07E5EE781D646C7300E2E9F1 /* ZJCHeaderView.m */ = {isa = PBXFileReference; fileEncoding = 4; lastKnownFileType = sourcecode.c.objc; path = ZJCHeaderView.m; sourceTree = "<group>"; };
		07E5EE7A1D64798900E2E9F1 /* ZJCtableView.h */ = {isa = PBXFileReference; fileEncoding = 4; lastKnownFileType = sourcecode.c.h; path = ZJCtableView.h; sourceTree = "<group>"; };
		07E5EE7B1D64798900E2E9F1 /* ZJCtableView.m */ = {isa = PBXFileReference; fileEncoding = 4; lastKnownFileType = sourcecode.c.objc; path = ZJCtableView.m; sourceTree = "<group>"; };
		07E5EE7D1D647A4100E2E9F1 /* ZJCHeader.pch */ = {isa = PBXFileReference; lastKnownFileType = sourcecode.c.h; path = ZJCHeader.pch; sourceTree = "<group>"; };
		3F3322031EF192AF2CAFF263 /* Pods-SXTDSXBTests.release.xcconfig */ = {isa = PBXFileReference; includeInIndex = 1; lastKnownFileType = text.xcconfig; name = "Pods-SXTDSXBTests.release.xcconfig"; path = "Pods/Target Support Files/Pods-SXTDSXBTests/Pods-SXTDSXBTests.release.xcconfig"; sourceTree = "<group>"; };
		675E48D26F3E81DA76EBAEA5 /* libPods-SXTDSXBUITests.a */ = {isa = PBXFileReference; explicitFileType = archive.ar; includeInIndex = 0; path = "libPods-SXTDSXBUITests.a"; sourceTree = BUILT_PRODUCTS_DIR; };
		707C736BC282DCA10677EE8A /* Pods-SXTDSXBUITests.release.xcconfig */ = {isa = PBXFileReference; includeInIndex = 1; lastKnownFileType = text.xcconfig; name = "Pods-SXTDSXBUITests.release.xcconfig"; path = "Pods/Target Support Files/Pods-SXTDSXBUITests/Pods-SXTDSXBUITests.release.xcconfig"; sourceTree = "<group>"; };
		85899CBAE78C846C984694BB /* Pods-SXTDSXB.release.xcconfig */ = {isa = PBXFileReference; includeInIndex = 1; lastKnownFileType = text.xcconfig; name = "Pods-SXTDSXB.release.xcconfig"; path = "Pods/Target Support Files/Pods-SXTDSXB/Pods-SXTDSXB.release.xcconfig"; sourceTree = "<group>"; };
		9786C9A1ED75064EC0D8BAFB /* Pods-SXTDSXBUITests.debug.xcconfig */ = {isa = PBXFileReference; includeInIndex = 1; lastKnownFileType = text.xcconfig; name = "Pods-SXTDSXBUITests.debug.xcconfig"; path = "Pods/Target Support Files/Pods-SXTDSXBUITests/Pods-SXTDSXBUITests.debug.xcconfig"; sourceTree = "<group>"; };
		BA02DEF7F33452A8248B7F6B /* libPods-SXTDSXBTests.a */ = {isa = PBXFileReference; explicitFileType = archive.ar; includeInIndex = 0; path = "libPods-SXTDSXBTests.a"; sourceTree = BUILT_PRODUCTS_DIR; };
		DB12314404AC9A2E5867C8BF /* libPods-SXTDSXB.a */ = {isa = PBXFileReference; explicitFileType = archive.ar; includeInIndex = 0; path = "libPods-SXTDSXB.a"; sourceTree = BUILT_PRODUCTS_DIR; };
		EE01239DE486A635C6877A81 /* Pods-SXTDSXBTests.debug.xcconfig */ = {isa = PBXFileReference; includeInIndex = 1; lastKnownFileType = text.xcconfig; name = "Pods-SXTDSXBTests.debug.xcconfig"; path = "Pods/Target Support Files/Pods-SXTDSXBTests/Pods-SXTDSXBTests.debug.xcconfig"; sourceTree = "<group>"; };
		F4433AEC6B71866B4B4A0BE3 /* Pods-SXTDSXB.debug.xcconfig */ = {isa = PBXFileReference; includeInIndex = 1; lastKnownFileType = text.xcconfig; name = "Pods-SXTDSXB.debug.xcconfig"; path = "Pods/Target Support Files/Pods-SXTDSXB/Pods-SXTDSXB.debug.xcconfig"; sourceTree = "<group>"; };
/* End PBXFileReference section */

/* Begin PBXFrameworksBuildPhase section */
		07D746311D63F76A00966A7B /* Frameworks */ = {
			isa = PBXFrameworksBuildPhase;
			buildActionMask = 2147483647;
			files = (
				AFCCC79344D486F9FA6BD872 /* libPods-SXTDSXB.a in Frameworks */,
			);
			runOnlyForDeploymentPostprocessing = 0;
		};
		07D7464A1D63F76B00966A7B /* Frameworks */ = {
			isa = PBXFrameworksBuildPhase;
			buildActionMask = 2147483647;
			files = (
				97DA2FF76230C47E1B897C58 /* libPods-SXTDSXBTests.a in Frameworks */,
			);
			runOnlyForDeploymentPostprocessing = 0;
		};
		07D746551D63F76B00966A7B /* Frameworks */ = {
			isa = PBXFrameworksBuildPhase;
			buildActionMask = 2147483647;
			files = (
				58BA11D3F01959A566E17F51 /* libPods-SXTDSXBUITests.a in Frameworks */,
			);
			runOnlyForDeploymentPostprocessing = 0;
		};
/* End PBXFrameworksBuildPhase section */

/* Begin PBXGroup section */
		0779D9201D6543B6008E78AD /* 注册 */ = {
			isa = PBXGroup;
			children = (
				0779D9211D6543E4008E78AD /* ZJCLandView.h */,
				0779D9221D6543E4008E78AD /* ZJCLandView.m */,
			);
			name = "注册";
			sourceTree = "<group>";
		};
		07D7462B1D63F76A00966A7B = {
			isa = PBXGroup;
			children = (
				07D746361D63F76A00966A7B /* SXTDSXB */,
				07D746501D63F76B00966A7B /* SXTDSXBTests */,
				07D7465B1D63F76B00966A7B /* SXTDSXBUITests */,
				07D746351D63F76A00966A7B /* Products */,
				F3890BB6214B22A676CCECE8 /* Pods */,
				5C82FD283854AE96707448EC /* Frameworks */,
			);
			sourceTree = "<group>";
		};
		07D746351D63F76A00966A7B /* Products */ = {
			isa = PBXGroup;
			children = (
				07D746341D63F76A00966A7B /* SXTDSXB.app */,
				07D7464D1D63F76B00966A7B /* SXTDSXBTests.xctest */,
				07D746581D63F76B00966A7B /* SXTDSXBUITests.xctest */,
			);
			name = Products;
			sourceTree = "<group>";
		};
		07D746361D63F76A00966A7B /* SXTDSXB */ = {
			isa = PBXGroup;
			children = (
				0779D9201D6543B6008E78AD /* 注册 */,
				07D7463A1D63F76A00966A7B /* AppDelegate.h */,
				07D7463B1D63F76A00966A7B /* AppDelegate.m */,
				07D746761D643F5000966A7B /* ZJCTabBarViewController.h */,
				07D746771D643F5000966A7B /* ZJCTabBarViewController.m */,
				07E5EE6C1D64544400E2E9F1 /* ZJCNavViewController.h */,
				07E5EE6D1D64544400E2E9F1 /* ZJCNavViewController.m */,
				07E5EE6F1D6458CA00E2E9F1 /* 限时购 */,
				07E5EE701D64595500E2E9F1 /* 分类 */,
				07E5EE711D64596700E2E9F1 /* 购物车 */,
				07E5EE721D64597600E2E9F1 /* 我 */,
				07D746431D63F76A00966A7B /* Assets.xcassets */,
				07D746451D63F76A00966A7B /* LaunchScreen.storyboard */,
				07D746481D63F76A00966A7B /* Info.plist */,
				07D746371D63F76A00966A7B /* Supporting Files */,
				07E5EE7D1D647A4100E2E9F1 /* ZJCHeader.pch */,
			);
			path = SXTDSXB;
			sourceTree = "<group>";
		};
		07D746371D63F76A00966A7B /* Supporting Files */ = {
			isa = PBXGroup;
			children = (
				07D746381D63F76A00966A7B /* main.m */,
			);
			name = "Supporting Files";
			sourceTree = "<group>";
		};
		07D746501D63F76B00966A7B /* SXTDSXBTests */ = {
			isa = PBXGroup;
			children = (
				07D746511D63F76B00966A7B /* SXTDSXBTests.m */,
				07D746531D63F76B00966A7B /* Info.plist */,
			);
			path = SXTDSXBTests;
			sourceTree = "<group>";
		};
		07D7465B1D63F76B00966A7B /* SXTDSXBUITests */ = {
			isa = PBXGroup;
			children = (
				07D7465C1D63F76B00966A7B /* SXTDSXBUITests.m */,
				07D7465E1D63F76B00966A7B /* Info.plist */,
			);
			path = SXTDSXBUITests;
			sourceTree = "<group>";
		};
		07E5EE6F1D6458CA00E2E9F1 /* 限时购 */ = {
			isa = PBXGroup;
			children = (
				07D7466A1D6439ED00966A7B /* ZJCTimeViewController.h */,
				07D7466B1D6439ED00966A7B /* ZJCTimeViewController.m */,
			);
			name = "限时购";
			sourceTree = "<group>";
		};
		07E5EE701D64595500E2E9F1 /* 分类 */ = {
			isa = PBXGroup;
			children = (
				07D7466D1D643A3000966A7B /* ZJCSecondViewController.h */,
				07D7466E1D643A3000966A7B /* ZJCSecondViewController.m */,
			);
			name = "分类";
			sourceTree = "<group>";
		};
		07E5EE711D64596700E2E9F1 /* 购物车 */ = {
			isa = PBXGroup;
			children = (
				07D746701D643A3B00966A7B /* ZJCThirdViewController.h */,
				07D746711D643A3B00966A7B /* ZJCThirdViewController.m */,
			);
			name = "购物车";
			sourceTree = "<group>";
		};
		07E5EE721D64597600E2E9F1 /* 我 */ = {
			isa = PBXGroup;
			children = (
				07D746731D643A4600966A7B /* ZJCFourthViewController.h */,
				07D746741D643A4600966A7B /* ZJCFourthViewController.m */,
				07E5EE731D645AD900E2E9F1 /* View */,
			);
			name = "我";
			sourceTree = "<group>";
		};
		07E5EE731D645AD900E2E9F1 /* View */ = {
			isa = PBXGroup;
			children = (
				07E5EE741D64657A00E2E9F1 /* ZJCTableViewCell.h */,
				07E5EE751D64657A00E2E9F1 /* ZJCTableViewCell.m */,
				07E5EE7A1D64798900E2E9F1 /* ZJCtableView.h */,
				07E5EE7B1D64798900E2E9F1 /* ZJCtableView.m */,
				07E5EE771D646C7300E2E9F1 /* ZJCHeaderView.h */,
				07E5EE781D646C7300E2E9F1 /* ZJCHeaderView.m */,
			);
			name = View;
			sourceTree = "<group>";
		};
		5C82FD283854AE96707448EC /* Frameworks */ = {
			isa = PBXGroup;
			children = (
				DB12314404AC9A2E5867C8BF /* libPods-SXTDSXB.a */,
				BA02DEF7F33452A8248B7F6B /* libPods-SXTDSXBTests.a */,
				675E48D26F3E81DA76EBAEA5 /* libPods-SXTDSXBUITests.a */,
			);
			name = Frameworks;
			sourceTree = "<group>";
		};
		F3890BB6214B22A676CCECE8 /* Pods */ = {
			isa = PBXGroup;
			children = (
				F4433AEC6B71866B4B4A0BE3 /* Pods-SXTDSXB.debug.xcconfig */,
				85899CBAE78C846C984694BB /* Pods-SXTDSXB.release.xcconfig */,
				EE01239DE486A635C6877A81 /* Pods-SXTDSXBTests.debug.xcconfig */,
				3F3322031EF192AF2CAFF263 /* Pods-SXTDSXBTests.release.xcconfig */,
				9786C9A1ED75064EC0D8BAFB /* Pods-SXTDSXBUITests.debug.xcconfig */,
				707C736BC282DCA10677EE8A /* Pods-SXTDSXBUITests.release.xcconfig */,
			);
			name = Pods;
			sourceTree = "<group>";
		};
/* End PBXGroup section */

/* Begin PBXNativeTarget section */
		07D746331D63F76A00966A7B /* SXTDSXB */ = {
			isa = PBXNativeTarget;
			buildConfigurationList = 07D746611D63F76B00966A7B /* Build configuration list for PBXNativeTarget "SXTDSXB" */;
			buildPhases = (
				7F9BE54FC420B7B0F2A85CB1 /* [CP] Check Pods Manifest.lock */,
				07D746301D63F76A00966A7B /* Sources */,
				07D746311D63F76A00966A7B /* Frameworks */,
				07D746321D63F76A00966A7B /* Resources */,
				677E434C1930BD67AB1B5B2E /* [CP] Embed Pods Frameworks */,
				330D60AAEF82AC844F15283A /* [CP] Copy Pods Resources */,
			);
			buildRules = (
			);
			dependencies = (
			);
			name = SXTDSXB;
			productName = SXTDSXB;
			productReference = 07D746341D63F76A00966A7B /* SXTDSXB.app */;
			productType = "com.apple.product-type.application";
		};
		07D7464C1D63F76B00966A7B /* SXTDSXBTests */ = {
			isa = PBXNativeTarget;
			buildConfigurationList = 07D746641D63F76B00966A7B /* Build configuration list for PBXNativeTarget "SXTDSXBTests" */;
			buildPhases = (
				6D7B14F101778B93E0AEFE9C /* [CP] Check Pods Manifest.lock */,
				07D746491D63F76B00966A7B /* Sources */,
				07D7464A1D63F76B00966A7B /* Frameworks */,
				07D7464B1D63F76B00966A7B /* Resources */,
				7D5585956024B7CAD1ECE132 /* [CP] Embed Pods Frameworks */,
				915C8B76ED7BAF017FCD5808 /* [CP] Copy Pods Resources */,
			);
			buildRules = (
			);
			dependencies = (
				07D7464F1D63F76B00966A7B /* PBXTargetDependency */,
			);
			name = SXTDSXBTests;
			productName = SXTDSXBTests;
			productReference = 07D7464D1D63F76B00966A7B /* SXTDSXBTests.xctest */;
			productType = "com.apple.product-type.bundle.unit-test";
		};
		07D746571D63F76B00966A7B /* SXTDSXBUITests */ = {
			isa = PBXNativeTarget;
			buildConfigurationList = 07D746671D63F76B00966A7B /* Build configuration list for PBXNativeTarget "SXTDSXBUITests" */;
			buildPhases = (
				69400C88A1AB6FCCF2069BCB /* [CP] Check Pods Manifest.lock */,
				07D746541D63F76B00966A7B /* Sources */,
				07D746551D63F76B00966A7B /* Frameworks */,
				07D746561D63F76B00966A7B /* Resources */,
				02F4D4DDDECA61EE3B0E06F6 /* [CP] Copy Pods Resources */,
			);
			buildRules = (
			);
			dependencies = (
				07D7465A1D63F76B00966A7B /* PBXTargetDependency */,
			);
			name = SXTDSXBUITests;
			productName = SXTDSXBUITests;
			productReference = 07D746581D63F76B00966A7B /* SXTDSXBUITests.xctest */;
			productType = "com.apple.product-type.bundle.ui-testing";
		};
/* End PBXNativeTarget section */

/* Begin PBXProject section */
		07D7462C1D63F76A00966A7B /* Project object */ = {
			isa = PBXProject;
			attributes = {
				CLASSPREFIX = ZJC;
				LastUpgradeCheck = 0730;
				ORGANIZATIONNAME = "赵继超";
				TargetAttributes = {
					07D746331D63F76A00966A7B = {
						CreatedOnToolsVersion = 7.3.1;
					};
					07D7464C1D63F76B00966A7B = {
						CreatedOnToolsVersion = 7.3.1;
						TestTargetID = 07D746331D63F76A00966A7B;
					};
					07D746571D63F76B00966A7B = {
						CreatedOnToolsVersion = 7.3.1;
						TestTargetID = 07D746331D63F76A00966A7B;
					};
				};
			};
			buildConfigurationList = 07D7462F1D63F76A00966A7B /* Build configuration list for PBXProject "SXTDSXB" */;
			compatibilityVersion = "Xcode 3.2";
			developmentRegion = English;
			hasScannedForEncodings = 0;
			knownRegions = (
				en,
				Base,
			);
			mainGroup = 07D7462B1D63F76A00966A7B;
			productRefGroup = 07D746351D63F76A00966A7B /* Products */;
			projectDirPath = "";
			projectRoot = "";
			targets = (
				07D746331D63F76A00966A7B /* SXTDSXB */,
				07D7464C1D63F76B00966A7B /* SXTDSXBTests */,
				07D746571D63F76B00966A7B /* SXTDSXBUITests */,
			);
		};
/* End PBXProject section */

/* Begin PBXResourcesBuildPhase section */
		07D746321D63F76A00966A7B /* Resources */ = {
			isa = PBXResourcesBuildPhase;
			buildActionMask = 2147483647;
			files = (
				07D746471D63F76A00966A7B /* LaunchScreen.storyboard in Resources */,
				07D746441D63F76A00966A7B /* Assets.xcassets in Resources */,
			);
			runOnlyForDeploymentPostprocessing = 0;
		};
		07D7464B1D63F76B00966A7B /* Resources */ = {
			isa = PBXResourcesBuildPhase;
			buildActionMask = 2147483647;
			files = (
			);
			runOnlyForDeploymentPostprocessing = 0;
		};
		07D746561D63F76B00966A7B /* Resources */ = {
			isa = PBXResourcesBuildPhase;
			buildActionMask = 2147483647;
			files = (
			);
			runOnlyForDeploymentPostprocessing = 0;
		};
/* End PBXResourcesBuildPhase section */

/* Begin PBXShellScriptBuildPhase section */
		02F4D4DDDECA61EE3B0E06F6 /* [CP] Copy Pods Resources */ = {
			isa = PBXShellScriptBuildPhase;
			buildActionMask = 2147483647;
			files = (
			);
			inputPaths = (
			);
			name = "[CP] Copy Pods Resources";
			outputPaths = (
			);
			runOnlyForDeploymentPostprocessing = 0;
			shellPath = /bin/sh;
			shellScript = "\"${SRCROOT}/Pods/Target Support Files/Pods-SXTDSXBUITests/Pods-SXTDSXBUITests-resources.sh\"\n";
			showEnvVarsInLog = 0;
		};
		330D60AAEF82AC844F15283A /* [CP] Copy Pods Resources */ = {
			isa = PBXShellScriptBuildPhase;
			buildActionMask = 2147483647;
			files = (
			);
			inputPaths = (
			);
			name = "[CP] Copy Pods Resources";
			outputPaths = (
			);
			runOnlyForDeploymentPostprocessing = 0;
			shellPath = /bin/sh;
			shellScript = "\"${SRCROOT}/Pods/Target Support Files/Pods-SXTDSXB/Pods-SXTDSXB-resources.sh\"\n";
			showEnvVarsInLog = 0;
		};
		677E434C1930BD67AB1B5B2E /* [CP] Embed Pods Frameworks */ = {
			isa = PBXShellScriptBuildPhase;
			buildActionMask = 2147483647;
			files = (
			);
			inputPaths = (
			);
			name = "[CP] Embed Pods Frameworks";
			outputPaths = (
			);
			runOnlyForDeploymentPostprocessing = 0;
			shellPath = /bin/sh;
			shellScript = "\"${SRCROOT}/Pods/Target Support Files/Pods-SXTDSXB/Pods-SXTDSXB-frameworks.sh\"\n";
			showEnvVarsInLog = 0;
		};
		69400C88A1AB6FCCF2069BCB /* [CP] Check Pods Manifest.lock */ = {
			isa = PBXShellScriptBuildPhase;
			buildActionMask = 2147483647;
			files = (
			);
			inputPaths = (
			);
			name = "[CP] Check Pods Manifest.lock";
			outputPaths = (
			);
			runOnlyForDeploymentPostprocessing = 0;
			shellPath = /bin/sh;
			shellScript = "diff \"${PODS_ROOT}/../Podfile.lock\" \"${PODS_ROOT}/Manifest.lock\" > /dev/null\nif [[ $? != 0 ]] ; then\n    cat << EOM\nerror: The sandbox is not in sync with the Podfile.lock. Run 'pod install' or update your CocoaPods installation.\nEOM\n    exit 1\nfi\n";
			showEnvVarsInLog = 0;
		};
		6D7B14F101778B93E0AEFE9C /* [CP] Check Pods Manifest.lock */ = {
			isa = PBXShellScriptBuildPhase;
			buildActionMask = 2147483647;
			files = (
			);
			inputPaths = (
			);
			name = "[CP] Check Pods Manifest.lock";
			outputPaths = (
			);
			runOnlyForDeploymentPostprocessing = 0;
			shellPath = /bin/sh;
			shellScript = "diff \"${PODS_ROOT}/../Podfile.lock\" \"${PODS_ROOT}/Manifest.lock\" > /dev/null\nif [[ $? != 0 ]] ; then\n    cat << EOM\nerror: The sandbox is not in sync with the Podfile.lock. Run 'pod install' or update your CocoaPods installation.\nEOM\n    exit 1\nfi\n";
			showEnvVarsInLog = 0;
		};
		7D5585956024B7CAD1ECE132 /* [CP] Embed Pods Frameworks */ = {
			isa = PBXShellScriptBuildPhase;
			buildActionMask = 2147483647;
			files = (
			);
			inputPaths = (
			);
			name = "[CP] Embed Pods Frameworks";
			outputPaths = (
			);
			runOnlyForDeploymentPostprocessing = 0;
			shellPath = /bin/sh;
			shellScript = "\"${SRCROOT}/Pods/Target Support Files/Pods-SXTDSXBTests/Pods-SXTDSXBTests-frameworks.sh\"\n";
			showEnvVarsInLog = 0;
		};
		7F9BE54FC420B7B0F2A85CB1 /* [CP] Check Pods Manifest.lock */ = {
			isa = PBXShellScriptBuildPhase;
			buildActionMask = 2147483647;
			files = (
			);
			inputPaths = (
			);
			name = "[CP] Check Pods Manifest.lock";
			outputPaths = (
			);
			runOnlyForDeploymentPostprocessing = 0;
			shellPath = /bin/sh;
			shellScript = "diff \"${PODS_ROOT}/../Podfile.lock\" \"${PODS_ROOT}/Manifest.lock\" > /dev/null\nif [[ $? != 0 ]] ; then\n    cat << EOM\nerror: The sandbox is not in sync with the Podfile.lock. Run 'pod install' or update your CocoaPods installation.\nEOM\n    exit 1\nfi\n";
			showEnvVarsInLog = 0;
		};
		915C8B76ED7BAF017FCD5808 /* [CP] Copy Pods Resources */ = {
			isa = PBXShellScriptBuildPhase;
			buildActionMask = 2147483647;
			files = (
			);
			inputPaths = (
			);
			name = "[CP] Copy Pods Resources";
			outputPaths = (
			);
			runOnlyForDeploymentPostprocessing = 0;
			shellPath = /bin/sh;
			shellScript = "\"${SRCROOT}/Pods/Target Support Files/Pods-SXTDSXBTests/Pods-SXTDSXBTests-resources.sh\"\n";
			showEnvVarsInLog = 0;
		};
/* End PBXShellScriptBuildPhase section */

/* Begin PBXSourcesBuildPhase section */
		07D746301D63F76A00966A7B /* Sources */ = {
			isa = PBXSourcesBuildPhase;
			buildActionMask = 2147483647;
			files = (
				07D746721D643A3B00966A7B /* ZJCThirdViewController.m in Sources */,
				0779D9231D6543E4008E78AD /* ZJCLandView.m in Sources */,
				07E5EE761D64657A00E2E9F1 /* ZJCTableViewCell.m in Sources */,
				07D746751D643A4600966A7B /* ZJCFourthViewController.m in Sources */,
				07D746781D643F5000966A7B /* ZJCTabBarViewController.m in Sources */,
				07D7463C1D63F76A00966A7B /* AppDelegate.m in Sources */,
				07E5EE6E1D64544400E2E9F1 /* ZJCNavViewController.m in Sources */,
				07D7466F1D643A3000966A7B /* ZJCSecondViewController.m in Sources */,
				07D746391D63F76A00966A7B /* main.m in Sources */,
				07E5EE7C1D64798900E2E9F1 /* ZJCtableView.m in Sources */,
				07D7466C1D6439ED00966A7B /* ZJCTimeViewController.m in Sources */,
				07E5EE791D646C7300E2E9F1 /* ZJCHeaderView.m in Sources */,
			);
			runOnlyForDeploymentPostprocessing = 0;
		};
		07D746491D63F76B00966A7B /* Sources */ = {
			isa = PBXSourcesBuildPhase;
			buildActionMask = 2147483647;
			files = (
				07D746521D63F76B00966A7B /* SXTDSXBTests.m in Sources */,
			);
			runOnlyForDeploymentPostprocessing = 0;
		};
		07D746541D63F76B00966A7B /* Sources */ = {
			isa = PBXSourcesBuildPhase;
			buildActionMask = 2147483647;
			files = (
				07D7465D1D63F76B00966A7B /* SXTDSXBUITests.m in Sources */,
			);
			runOnlyForDeploymentPostprocessing = 0;
		};
/* End PBXSourcesBuildPhase section */

/* Begin PBXTargetDependency section */
		07D7464F1D63F76B00966A7B /* PBXTargetDependency */ = {
			isa = PBXTargetDependency;
			target = 07D746331D63F76A00966A7B /* SXTDSXB */;
			targetProxy = 07D7464E1D63F76B00966A7B /* PBXContainerItemProxy */;
		};
		07D7465A1D63F76B00966A7B /* PBXTargetDependency */ = {
			isa = PBXTargetDependency;
			target = 07D746331D63F76A00966A7B /* SXTDSXB */;
			targetProxy = 07D746591D63F76B00966A7B /* PBXContainerItemProxy */;
		};
/* End PBXTargetDependency section */

/* Begin PBXVariantGroup section */
		07D746451D63F76A00966A7B /* LaunchScreen.storyboard */ = {
			isa = PBXVariantGroup;
			children = (
				07D746461D63F76A00966A7B /* Base */,
			);
			name = LaunchScreen.storyboard;
			sourceTree = "<group>";
		};
/* End PBXVariantGroup section */

/* Begin XCBuildConfiguration section */
		07D7465F1D63F76B00966A7B /* Debug */ = {
			isa = XCBuildConfiguration;
			buildSettings = {
				ALWAYS_SEARCH_USER_PATHS = NO;
				CLANG_ANALYZER_NONNULL = YES;
				CLANG_CXX_LANGUAGE_STANDARD = "gnu++0x";
				CLANG_CXX_LIBRARY = "libc++";
				CLANG_ENABLE_MODULES = YES;
				CLANG_ENABLE_OBJC_ARC = YES;
				CLANG_WARN_BOOL_CONVERSION = YES;
				CLANG_WARN_CONSTANT_CONVERSION = YES;
				CLANG_WARN_DIRECT_OBJC_ISA_USAGE = YES_ERROR;
				CLANG_WARN_EMPTY_BODY = YES;
				CLANG_WARN_ENUM_CONVERSION = YES;
				CLANG_WARN_INT_CONVERSION = YES;
				CLANG_WARN_OBJC_ROOT_CLASS = YES_ERROR;
				CLANG_WARN_UNREACHABLE_CODE = YES;
				CLANG_WARN__DUPLICATE_METHOD_MATCH = YES;
				"CODE_SIGN_IDENTITY[sdk=iphoneos*]" = "iPhone Developer";
				COPY_PHASE_STRIP = NO;
				DEBUG_INFORMATION_FORMAT = dwarf;
				ENABLE_STRICT_OBJC_MSGSEND = YES;
				ENABLE_TESTABILITY = YES;
				GCC_C_LANGUAGE_STANDARD = gnu99;
				GCC_DYNAMIC_NO_PIC = NO;
				GCC_NO_COMMON_BLOCKS = YES;
				GCC_OPTIMIZATION_LEVEL = 0;
				GCC_PREPROCESSOR_DEFINITIONS = (
					"DEBUG=1",
					"$(inherited)",
				);
				GCC_WARN_64_TO_32_BIT_CONVERSION = YES;
				GCC_WARN_ABOUT_RETURN_TYPE = YES_ERROR;
				GCC_WARN_UNDECLARED_SELECTOR = YES;
				GCC_WARN_UNINITIALIZED_AUTOS = YES_AGGRESSIVE;
				GCC_WARN_UNUSED_FUNCTION = YES;
				GCC_WARN_UNUSED_VARIABLE = YES;
				IPHONEOS_DEPLOYMENT_TARGET = 9.3;
				MTL_ENABLE_DEBUG_INFO = YES;
				ONLY_ACTIVE_ARCH = YES;
				SDKROOT = iphoneos;
			};
			name = Debug;
		};
		07D746601D63F76B00966A7B /* Release */ = {
			isa = XCBuildConfiguration;
			buildSettings = {
				ALWAYS_SEARCH_USER_PATHS = NO;
				CLANG_ANALYZER_NONNULL = YES;
				CLANG_CXX_LANGUAGE_STANDARD = "gnu++0x";
				CLANG_CXX_LIBRARY = "libc++";
				CLANG_ENABLE_MODULES = YES;
				CLANG_ENABLE_OBJC_ARC = YES;
				CLANG_WARN_BOOL_CONVERSION = YES;
				CLANG_WARN_CONSTANT_CONVERSION = YES;
				CLANG_WARN_DIRECT_OBJC_ISA_USAGE = YES_ERROR;
				CLANG_WARN_EMPTY_BODY = YES;
				CLANG_WARN_ENUM_CONVERSION = YES;
				CLANG_WARN_INT_CONVERSION = YES;
				CLANG_WARN_OBJC_ROOT_CLASS = YES_ERROR;
				CLANG_WARN_UNREACHABLE_CODE = YES;
				CLANG_WARN__DUPLICATE_METHOD_MATCH = YES;
				"CODE_SIGN_IDENTITY[sdk=iphoneos*]" = "iPhone Developer";
				COPY_PHASE_STRIP = NO;
				DEBUG_INFORMATION_FORMAT = "dwarf-with-dsym";
				ENABLE_NS_ASSERTIONS = NO;
				ENABLE_STRICT_OBJC_MSGSEND = YES;
				GCC_C_LANGUAGE_STANDARD = gnu99;
				GCC_NO_COMMON_BLOCKS = YES;
				GCC_WARN_64_TO_32_BIT_CONVERSION = YES;
				GCC_WARN_ABOUT_RETURN_TYPE = YES_ERROR;
				GCC_WARN_UNDECLARED_SELECTOR = YES;
				GCC_WARN_UNINITIALIZED_AUTOS = YES_AGGRESSIVE;
				GCC_WARN_UNUSED_FUNCTION = YES;
				GCC_WARN_UNUSED_VARIABLE = YES;
				IPHONEOS_DEPLOYMENT_TARGET = 9.3;
				MTL_ENABLE_DEBUG_INFO = NO;
				SDKROOT = iphoneos;
				VALIDATE_PRODUCT = YES;
			};
			name = Release;
		};
		07D746621D63F76B00966A7B /* Debug */ = {
			isa = XCBuildConfiguration;
			baseConfigurationReference = F4433AEC6B71866B4B4A0BE3 /* Pods-SXTDSXB.debug.xcconfig */;
			buildSettings = {
				ASSETCATALOG_COMPILER_APPICON_NAME = AppIcon;
				ASSETCATALOG_COMPILER_LAUNCHIMAGE_NAME = "Brand Assets";
				GCC_PREFIX_HEADER = "$(SRCROOT)/SXTDSXB/ZJCHeader.pch";
				INFOPLIST_FILE = SXTDSXB/Info.plist;
				LD_RUNPATH_SEARCH_PATHS = "$(inherited) @executable_path/Frameworks";
				PRODUCT_BUNDLE_IDENTIFIER = "-.SXTDSXB";
				PRODUCT_NAME = "$(TARGET_NAME)";
			};
			name = Debug;
		};
		07D746631D63F76B00966A7B /* Release */ = {
			isa = XCBuildConfiguration;
			baseConfigurationReference = 85899CBAE78C846C984694BB /* Pods-SXTDSXB.release.xcconfig */;
			buildSettings = {
				ASSETCATALOG_COMPILER_APPICON_NAME = AppIcon;
				ASSETCATALOG_COMPILER_LAUNCHIMAGE_NAME = "Brand Assets";
				GCC_PREFIX_HEADER = "$(SRCROOT)/SXTDSXB/ZJCHeader.pch";
				INFOPLIST_FILE = SXTDSXB/Info.plist;
				LD_RUNPATH_SEARCH_PATHS = "$(inherited) @executable_path/Frameworks";
				PRODUCT_BUNDLE_IDENTIFIER = "-.SXTDSXB";
				PRODUCT_NAME = "$(TARGET_NAME)";
			};
			name = Release;
		};
		07D746651D63F76B00966A7B /* Debug */ = {
			isa = XCBuildConfiguration;
			baseConfigurationReference = EE01239DE486A635C6877A81 /* Pods-SXTDSXBTests.debug.xcconfig */;
			buildSettings = {
				BUNDLE_LOADER = "$(TEST_HOST)";
				INFOPLIST_FILE = SXTDSXBTests/Info.plist;
				LD_RUNPATH_SEARCH_PATHS = "$(inherited) @executable_path/Frameworks @loader_path/Frameworks";
				PRODUCT_BUNDLE_IDENTIFIER = "-.SXTDSXBTests";
				PRODUCT_NAME = "$(TARGET_NAME)";
				TEST_HOST = "$(BUILT_PRODUCTS_DIR)/SXTDSXB.app/SXTDSXB";
			};
			name = Debug;
		};
		07D746661D63F76B00966A7B /* Release */ = {
			isa = XCBuildConfiguration;
			baseConfigurationReference = 3F3322031EF192AF2CAFF263 /* Pods-SXTDSXBTests.release.xcconfig */;
			buildSettings = {
				BUNDLE_LOADER = "$(TEST_HOST)";
				INFOPLIST_FILE = SXTDSXBTests/Info.plist;
				LD_RUNPATH_SEARCH_PATHS = "$(inherited) @executable_path/Frameworks @loader_path/Frameworks";
				PRODUCT_BUNDLE_IDENTIFIER = "-.SXTDSXBTests";
				PRODUCT_NAME = "$(TARGET_NAME)";
				TEST_HOST = "$(BUILT_PRODUCTS_DIR)/SXTDSXB.app/SXTDSXB";
			};
			name = Release;
		};
		07D746681D63F76B00966A7B /* Debug */ = {
			isa = XCBuildConfiguration;
			baseConfigurationReference = 9786C9A1ED75064EC0D8BAFB /* Pods-SXTDSXBUITests.debug.xcconfig */;
			buildSettings = {
				INFOPLIST_FILE = SXTDSXBUITests/Info.plist;
				LD_RUNPATH_SEARCH_PATHS = "$(inherited) @executable_path/Frameworks @loader_path/Frameworks";
				PRODUCT_BUNDLE_IDENTIFIER = "-.SXTDSXBUITests";
				PRODUCT_NAME = "$(TARGET_NAME)";
				TEST_TARGET_NAME = SXTDSXB;
			};
			name = Debug;
		};
		07D746691D63F76B00966A7B /* Release */ = {
			isa = XCBuildConfiguration;
			baseConfigurationReference = 707C736BC282DCA10677EE8A /* Pods-SXTDSXBUITests.release.xcconfig */;
			buildSettings = {
				INFOPLIST_FILE = SXTDSXBUITests/Info.plist;
				LD_RUNPATH_SEARCH_PATHS = "$(inherited) @executable_path/Frameworks @loader_path/Frameworks";
				PRODUCT_BUNDLE_IDENTIFIER = "-.SXTDSXBUITests";
				PRODUCT_NAME = "$(TARGET_NAME)";
				TEST_TARGET_NAME = SXTDSXB;
			};
			name = Release;
		};
/* End XCBuildConfiguration section */

/* Begin XCConfigurationList section */
		07D7462F1D63F76A00966A7B /* Build configuration list for PBXProject "SXTDSXB" */ = {
			isa = XCConfigurationList;
			buildConfigurations = (
				07D7465F1D63F76B00966A7B /* Debug */,
				07D746601D63F76B00966A7B /* Release */,
			);
			defaultConfigurationIsVisible = 0;
			defaultConfigurationName = Release;
		};
		07D746611D63F76B00966A7B /* Build configuration list for PBXNativeTarget "SXTDSXB" */ = {
			isa = XCConfigurationList;
			buildConfigurations = (
				07D746621D63F76B00966A7B /* Debug */,
				07D746631D63F76B00966A7B /* Release */,
			);
			defaultConfigurationIsVisible = 0;
			defaultConfigurationName = Release;
		};
		07D746641D63F76B00966A7B /* Build configuration list for PBXNativeTarget "SXTDSXBTests" */ = {
			isa = XCConfigurationList;
			buildConfigurations = (
				07D746651D63F76B00966A7B /* Debug */,
				07D746661D63F76B00966A7B /* Release */,
			);
			defaultConfigurationIsVisible = 0;
			defaultConfigurationName = Release;
		};
		07D746671D63F76B00966A7B /* Build configuration list for PBXNativeTarget "SXTDSXBUITests" */ = {
			isa = XCConfigurationList;
			buildConfigurations = (
				07D746681D63F76B00966A7B /* Debug */,
				07D746691D63F76B00966A7B /* Release */,
			);
			defaultConfigurationIsVisible = 0;
			defaultConfigurationName = Release;
		};
/* End XCConfigurationList section */
	};
	rootObject = 07D7462C1D63F76A00966A7B /* Project object */;
}
